
Microsoft Visual Studio Solution File, Format Version 12.00
# Visual Studio Version 17
VisualStudioVersion = 17.0.31903.59
MinimumVisualStudioVersion = 10.0.40219.1
Project("{2150E333-8FDC-42A3-9474-1A3956D46DE8}") = "src", "src", "{827E0CD3-B72D-47B6-A68D-7590B98EB39B}"
EndProject
Project("{FAE04EC0-301F-11D3-BF4B-00C04F79EFBC}") = "Pf2e.Domain", "src\Pf2e.Domain\Pf2e.Domain.csproj", "{1029261D-DD5D-4D3C-9AD5-A564E7E0D614}"
EndProject
Project("{2150E333-8FDC-42A3-9474-1A3956D46DE8}") = "tests", "tests", "{0AB3BF05-4346-4AA6-1389-037BE0695223}"
EndProject
Project("{FAE04EC0-301F-11D3-BF4B-00C04F79EFBC}") = "Pf2e.Unit.Tests", "tests\Pf2e.Unit.Tests\Pf2e.Unit.Tests.csproj", "{BA3BDE53-52AB-40B9-A242-1B3D6A7AF997}"
EndProject
Project("{FAE04EC0-301F-11D3-BF4B-00C04F79EFBC}") = "Pf2e.Behaviour.Tests", "tests\Pf2e.Behaviour.Tests\Pf2e.Behaviour.Tests.csproj", "{6AB15013-6312-47DD-8369-10C3B2376F05}"
EndProject
Project("{2150E333-8FDC-42A3-9474-1A3956D46DE8}") = "tools", "tools", "{07C2787E-EAC7-C090-1BA3-A61EC2A24D84}"
EndProject
Project("{FAE04EC0-301F-11D3-BF4B-00C04F79EFBC}") = "Pf2e.Tools.RulesImport", "tools\rules-import\Pf2e.Tools.RulesImport.csproj", "{9C0E400F-70E9-4BC3-86DE-BE012A558EF2}"
EndProject
Project("{FAE04EC0-301F-11D3-BF4B-00C04F79EFBC}") = "Pf2e.Api", "src\Pf2e.Api\Pf2e.Api.csproj", "{2C89734A-8887-4D28-8343-308556C9B7F4}"
EndProject
Project("{FAE04EC0-301F-11D3-BF4B-00C04F79EFBC}") = "Pf2e.Persistence.Tests", "tests\Pf2e.Persistence.Tests\Pf2e.Persistence.Tests.csproj", "{4CD7F9CC-9D69-434C-AC0B-26B454407E8B}"
EndProject
Project("{FAE04EC0-301F-11D3-BF4B-00C04F79EFBC}") = "Pf2e.Contracts", "src\Pf2e.Contracts\Pf2e.Contracts.csproj", "{DF1D4B09-D5BE-4CCF-933D-E8E4963DEF26}"
EndProject
Project("{FAE04EC0-301F-11D3-BF4B-00C04F79EFBC}") = "Pf2e.Application", "src\Pf2e.Application\Pf2e.Application.csproj", "{565470C1-9607-4EC0-9E8D-C42695C49CF9}"
EndProject
Project("{FAE04EC0-301F-11D3-BF4B-00C04F79EFBC}") = "Pf2e.Infrastructure", "src\Pf2e.Infrastructure\Pf2e.Infrastructure.csproj", "{AAA8CF27-B83B-4E4E-968C-03143EC2A4E5}"
EndProject
Project("{FAE04EC0-301F-11D3-BF4B-00C04F79EFBC}") = "Pf2e.Components", "src\Pf2e.Components\Pf2e.Components.csproj", "{1BFC3D1B-F9BE-43A6-9998-99E938108525}"
EndProject
Project("{FAE04EC0-301F-11D3-BF4B-00C04F79EFBC}") = "Pf2e.Client", "src\Pf2e.Client\Pf2e.Client.csproj", "{2706DEC9-AE5A-481A-83F5-5801FEDFC2C2}"
EndProject
Project("{FAE04EC0-301F-11D3-BF4B-00C04F79EFBC}") = "Pf2e.Client.Tests", "tests\Pf2e.Client.Tests\Pf2e.Client.Tests.csproj", "{6B41E876-D4F0-4A45-90EA-41A54FE59D4A}"
EndProject
Global
	GlobalSection(SolutionConfigurationPlatforms) = preSolution
		Debug|Any CPU = Debug|Any CPU
		Debug|x64 = Debug|x64
		Debug|x86 = Debug|x86
		Release|Any CPU = Release|Any CPU
		Release|x64 = Release|x64
		Release|x86 = Release|x86
	EndGlobalSection
	GlobalSection(ProjectConfigurationPlatforms) = postSolution
		{1029261D-DD5D-4D3C-9AD5-A564E7E0D614}.Debug|Any CPU.ActiveCfg = Debug|Any CPU
		{1029261D-DD5D-4D3C-9AD5-A564E7E0D614}.Debug|Any CPU.Build.0 = Debug|Any CPU
		{1029261D-DD5D-4D3C-9AD5-A564E7E0D614}.Debug|x64.ActiveCfg = Debug|Any CPU
		{1029261D-DD5D-4D3C-9AD5-A564E7E0D614}.Debug|x64.Build.0 = Debug|Any CPU
		{1029261D-DD5D-4D3C-9AD5-A564E7E0D614}.Debug|x86.ActiveCfg = Debug|Any CPU
		{1029261D-DD5D-4D3C-9AD5-A564E7E0D614}.Debug|x86.Build.0 = Debug|Any CPU
		{1029261D-DD5D-4D3C-9AD5-A564E7E0D614}.Release|Any CPU.ActiveCfg = Release|Any CPU
		{1029261D-DD5D-4D3C-9AD5-A564E7E0D614}.Release|Any CPU.Build.0 = Release|Any CPU
		{1029261D-DD5D-4D3C-9AD5-A564E7E0D614}.Release|x64.ActiveCfg = Release|Any CPU
		{1029261D-DD5D-4D3C-9AD5-A564E7E0D614}.Release|x64.Build.0 = Release|Any CPU
		{1029261D-DD5D-4D3C-9AD5-A564E7E0D614}.Release|x86.ActiveCfg = Release|Any CPU
		{1029261D-DD5D-4D3C-9AD5-A564E7E0D614}.Release|x86.Build.0 = Release|Any CPU
		{BA3BDE53-52AB-40B9-A242-1B3D6A7AF997}.Debug|Any CPU.ActiveCfg = Debug|Any CPU
		{BA3BDE53-52AB-40B9-A242-1B3D6A7AF997}.Debug|Any CPU.Build.0 = Debug|Any CPU
		{BA3BDE53-52AB-40B9-A242-1B3D6A7AF997}.Debug|x64.ActiveCfg = Debug|Any CPU
		{BA3BDE53-52AB-40B9-A242-1B3D6A7AF997}.Debug|x64.Build.0 = Debug|Any CPU
		{BA3BDE53-52AB-40B9-A242-1B3D6A7AF997}.Debug|x86.ActiveCfg = Debug|Any CPU
		{BA3BDE53-52AB-40B9-A242-1B3D6A7AF997}.Debug|x86.Build.0 = Debug|Any CPU
		{BA3BDE53-52AB-40B9-A242-1B3D6A7AF997}.Release|Any CPU.ActiveCfg = Release|Any CPU
		{BA3BDE53-52AB-40B9-A242-1B3D6A7AF997}.Release|Any CPU.Build.0 = Release|Any CPU
		{BA3BDE53-52AB-40B9-A242-1B3D6A7AF997}.Release|x64.ActiveCfg = Release|Any CPU
		{BA3BDE53-52AB-40B9-A242-1B3D6A7AF997}.Release|x64.Build.0 = Release|Any CPU
		{BA3BDE53-52AB-40B9-A242-1B3D6A7AF997}.Release|x86.ActiveCfg = Release|Any CPU
		{BA3BDE53-52AB-40B9-A242-1B3D6A7AF997}.Release|x86.Build.0 = Release|Any CPU
		{6AB15013-6312-47DD-8369-10C3B2376F05}.Debug|Any CPU.ActiveCfg = Debug|Any CPU
		{6AB15013-6312-47DD-8369-10C3B2376F05}.Debug|Any CPU.Build.0 = Debug|Any CPU
		{6AB15013-6312-47DD-8369-10C3B2376F05}.Debug|x64.ActiveCfg = Debug|Any CPU
		{6AB15013-6312-47DD-8369-10C3B2376F05}.Debug|x64.Build.0 = Debug|Any CPU
		{6AB15013-6312-47DD-8369-10C3B2376F05}.Debug|x86.ActiveCfg = Debug|Any CPU
		{6AB15013-6312-47DD-8369-10C3B2376F05}.Debug|x86.Build.0 = Debug|Any CPU
		{6AB15013-6312-47DD-8369-10C3B2376F05}.Release|Any CPU.ActiveCfg = Release|Any CPU
		{6AB15013-6312-47DD-8369-10C3B2376F05}.Release|Any CPU.Build.0 = Release|Any CPU
		{6AB15013-6312-47DD-8369-10C3B2376F05}.Release|x64.ActiveCfg = Release|Any CPU
		{6AB15013-6312-47DD-8369-10C3B2376F05}.Release|x64.Build.0 = Release|Any CPU
		{6AB15013-6312-47DD-8369-10C3B2376F05}.Release|x86.ActiveCfg = Release|Any CPU
		{6AB15013-6312-47DD-8369-10C3B2376F05}.Release|x86.Build.0 = Release|Any CPU
		{9C0E400F-70E9-4BC3-86DE-BE012A558EF2}.Debug|Any CPU.ActiveCfg = Debug|Any CPU
		{9C0E400F-70E9-4BC3-86DE-BE012A558EF2}.Debug|Any CPU.Build.0 = Debug|Any CPU
		{9C0E400F-70E9-4BC3-86DE-BE012A558EF2}.Debug|x64.ActiveCfg = Debug|Any CPU
		{9C0E400F-70E9-4BC3-86DE-BE012A558EF2}.Debug|x64.Build.0 = Debug|Any CPU
		{9C0E400F-70E9-4BC3-86DE-BE012A558EF2}.Debug|x86.ActiveCfg = Debug|Any CPU
		{9C0E400F-70E9-4BC3-86DE-BE012A558EF2}.Debug|x86.Build.0 = Debug|Any CPU
		{9C0E400F-70E9-4BC3-86DE-BE012A558EF2}.Release|Any CPU.ActiveCfg = Release|Any CPU
		{9C0E400F-70E9-4BC3-86DE-BE012A558EF2}.Release|Any CPU.Build.0 = Release|Any CPU
		{9C0E400F-70E9-4BC3-86DE-BE012A558EF2}.Release|x64.ActiveCfg = Release|Any CPU
		{9C0E400F-70E9-4BC3-86DE-BE012A558EF2}.Release|x64.Build.0 = Release|Any CPU
		{9C0E400F-70E9-4BC3-86DE-BE012A558EF2}.Release|x86.ActiveCfg = Release|Any CPU
		{9C0E400F-70E9-4BC3-86DE-BE012A558EF2}.Release|x86.Build.0 = Release|Any CPU
		{2C89734A-8887-4D28-8343-308556C9B7F4}.Debug|Any CPU.ActiveCfg = Debug|Any CPU
		{2C89734A-8887-4D28-8343-308556C9B7F4}.Debug|Any CPU.Build.0 = Debug|Any CPU
		{2C89734A-8887-4D28-8343-308556C9B7F4}.Debug|x64.ActiveCfg = Debug|Any CPU
		{2C89734A-8887-4D28-8343-308556C9B7F4}.Debug|x64.Build.0 = Debug|Any CPU
		{2C89734A-8887-4D28-8343-308556C9B7F4}.Debug|x86.ActiveCfg = Debug|Any CPU
		{2C89734A-8887-4D28-8343-308556C9B7F4}.Debug|x86.Build.0 = Debug|Any CPU
		{2C89734A-8887-4D28-8343-308556C9B7F4}.Release|Any CPU.ActiveCfg = Release|Any CPU
		{2C89734A-8887-4D28-8343-308556C9B7F4}.Release|Any CPU.Build.0 = Release|Any CPU
		{2C89734A-8887-4D28-8343-308556C9B7F4}.Release|x64.ActiveCfg = Release|Any CPU
		{2C89734A-8887-4D28-8343-308556C9B7F4}.Release|x64.Build.0 = Release|Any CPU
		{2C89734A-8887-4D28-8343-308556C9B7F4}.Release|x86.ActiveCfg = Release|Any CPU
		{2C89734A-8887-4D28-8343-308556C9B7F4}.Release|x86.Build.0 = Release|Any CPU
		{4CD7F9CC-9D69-434C-AC0B-26B454407E8B}.Debug|Any CPU.ActiveCfg = Debug|Any CPU
		{4CD7F9CC-9D69-434C-AC0B-26B454407E8B}.Debug|Any CPU.Build.0 = Debug|Any CPU
		{4CD7F9CC-9D69-434C-AC0B-26B454407E8B}.Debug|x64.ActiveCfg = Debug|Any CPU
		{4CD7F9CC-9D69-434C-AC0B-26B454407E8B}.Debug|x64.Build.0 = Debug|Any CPU
		{4CD7F9CC-9D69-434C-AC0B-26B454407E8B}.Debug|x86.ActiveCfg = Debug|Any CPU
		{4CD7F9CC-9D69-434C-AC0B-26B454407E8B}.Debug|x86.Build.0 = Debug|Any CPU
		{4CD7F9CC-9D69-434C-AC0B-26B454407E8B}.Release|Any CPU.ActiveCfg = Release|Any CPU
		{4CD7F9CC-9D69-434C-AC0B-26B454407E8B}.Release|Any CPU.Build.0 = Release|Any CPU
		{4CD7F9CC-9D69-434C-AC0B-26B454407E8B}.Release|x64.ActiveCfg = Release|Any CPU
		{4CD7F9CC-9D69-434C-AC0B-26B454407E8B}.Release|x64.Build.0 = Release|Any CPU
		{4CD7F9CC-9D69-434C-AC0B-26B454407E8B}.Release|x86.ActiveCfg = Release|Any CPU
		{4CD7F9CC-9D69-434C-AC0B-26B454407E8B}.Release|x86.Build.0 = Release|Any CPU
		{DF1D4B09-D5BE-4CCF-933D-E8E4963DEF26}.Debug|Any CPU.ActiveCfg = Debug|Any CPU
		{DF1D4B09-D5BE-4CCF-933D-E8E4963DEF26}.Debug|Any CPU.Build.0 = Debug|Any CPU
		{DF1D4B09-D5BE-4CCF-933D-E8E4963DEF26}.Debug|x64.ActiveCfg = Debug|Any CPU
		{DF1D4B09-D5BE-4CCF-933D-E8E4963DEF26}.Debug|x64.Build.0 = Debug|Any CPU
		{DF1D4B09-D5BE-4CCF-933D-E8E4963DEF26}.Debug|x86.ActiveCfg = Debug|Any CPU
		{DF1D4B09-D5BE-4CCF-933D-E8E4963DEF26}.Debug|x86.Build.0 = Debug|Any CPU
		{DF1D4B09-D5BE-4CCF-933D-E8E4963DEF26}.Release|Any CPU.ActiveCfg = Release|Any CPU
		{DF1D4B09-D5BE-4CCF-933D-E8E4963DEF26}.Release|Any CPU.Build.0 = Release|Any CPU
		{DF1D4B09-D5BE-4CCF-933D-E8E4963DEF26}.Release|x64.ActiveCfg = Release|Any CPU
		{DF1D4B09-D5BE-4CCF-933D-E8E4963DEF26}.Release|x64.Build.0 = Release|Any CPU
		{DF1D4B09-D5BE-4CCF-933D-E8E4963DEF26}.Release|x86.ActiveCfg = Release|Any CPU
		{DF1D4B09-D5BE-4CCF-933D-E8E4963DEF26}.Release|x86.Build.0 = Release|Any CPU
		{565470C1-9607-4EC0-9E8D-C42695C49CF9}.Debug|Any CPU.ActiveCfg = Debug|Any CPU
		{565470C1-9607-4EC0-9E8D-C42695C49CF9}.Debug|Any CPU.Build.0 = Debug|Any CPU
		{565470C1-9607-4EC0-9E8D-C42695C49CF9}.Debug|x64.ActiveCfg = Debug|Any CPU
		{565470C1-9607-4EC0-9E8D-C42695C49CF9}.Debug|x64.Build.0 = Debug|Any CPU
		{565470C1-9607-4EC0-9E8D-C42695C49CF9}.Debug|x86.ActiveCfg = Debug|Any CPU
		{565470C1-9607-4EC0-9E8D-C42695C49CF9}.Debug|x86.Build.0 = Debug|Any CPU
		{565470C1-9607-4EC0-9E8D-C42695C49CF9}.Release|Any CPU.ActiveCfg = Release|Any CPU
		{565470C1-9607-4EC0-9E8D-C42695C49CF9}.Release|Any CPU.Build.0 = Release|Any CPU
		{565470C1-9607-4EC0-9E8D-C42695C49CF9}.Release|x64.ActiveCfg = Release|Any CPU
		{565470C1-9607-4EC0-9E8D-C42695C49CF9}.Release|x64.Build.0 = Release|Any CPU
		{565470C1-9607-4EC0-9E8D-C42695C49CF9}.Release|x86.ActiveCfg = Release|Any CPU
		{565470C1-9607-4EC0-9E8D-C42695C49CF9}.Release|x86.Build.0 = Release|Any CPU
		{AAA8CF27-B83B-4E4E-968C-03143EC2A4E5}.Debug|Any CPU.ActiveCfg = Debug|Any CPU
		{AAA8CF27-B83B-4E4E-968C-03143EC2A4E5}.Debug|Any CPU.Build.0 = Debug|Any CPU
		{AAA8CF27-B83B-4E4E-968C-03143EC2A4E5}.Debug|x64.ActiveCfg = Debug|Any CPU
		{AAA8CF27-B83B-4E4E-968C-03143EC2A4E5}.Debug|x64.Build.0 = Debug|Any CPU
		{AAA8CF27-B83B-4E4E-968C-03143EC2A4E5}.Debug|x86.ActiveCfg = Debug|Any CPU
		{AAA8CF27-B83B-4E4E-968C-03143EC2A4E5}.Debug|x86.Build.0 = Debug|Any CPU
		{AAA8CF27-B83B-4E4E-968C-03143EC2A4E5}.Release|Any CPU.ActiveCfg = Release|Any CPU
		{AAA8CF27-B83B-4E4E-968C-03143EC2A4E5}.Release|Any CPU.Build.0 = Release|Any CPU
		{AAA8CF27-B83B-4E4E-968C-03143EC2A4E5}.Release|x64.ActiveCfg = Release|Any CPU
		{AAA8CF27-B83B-4E4E-968C-03143EC2A4E5}.Release|x64.Build.0 = Release|Any CPU
		{AAA8CF27-B83B-4E4E-968C-03143EC2A4E5}.Release|x86.ActiveCfg = Release|Any CPU
		{AAA8CF27-B83B-4E4E-968C-03143EC2A4E5}.Release|x86.Build.0 = Release|Any CPU
		{1BFC3D1B-F9BE-43A6-9998-99E938108525}.Debug|Any CPU.ActiveCfg = Debug|Any CPU
		{1BFC3D1B-F9BE-43A6-9998-99E938108525}.Debug|Any CPU.Build.0 = Debug|Any CPU
		{1BFC3D1B-F9BE-43A6-9998-99E938108525}.Debug|x64.ActiveCfg = Debug|Any CPU
		{1BFC3D1B-F9BE-43A6-9998-99E938108525}.Debug|x64.Build.0 = Debug|Any CPU
		{1BFC3D1B-F9BE-43A6-9998-99E938108525}.Debug|x86.ActiveCfg = Debug|Any CPU
		{1BFC3D1B-F9BE-43A6-9998-99E938108525}.Debug|x86.Build.0 = Debug|Any CPU
		{1BFC3D1B-F9BE-43A6-9998-99E938108525}.Release|Any CPU.ActiveCfg = Release|Any CPU
		{1BFC3D1B-F9BE-43A6-9998-99E938108525}.Release|Any CPU.Build.0 = Release|Any CPU
		{1BFC3D1B-F9BE-43A6-9998-99E938108525}.Release|x64.ActiveCfg = Release|Any CPU
		{1BFC3D1B-F9BE-43A6-9998-99E938108525}.Release|x64.Build.0 = Release|Any CPU
		{1BFC3D1B-F9BE-43A6-9998-99E938108525}.Release|x86.ActiveCfg = Release|Any CPU
		{1BFC3D1B-F9BE-43A6-9998-99E938108525}.Release|x86.Build.0 = Release|Any CPU
		{2706DEC9-AE5A-481A-83F5-5801FEDFC2C2}.Debug|Any CPU.ActiveCfg = Debug|Any CPU
		{2706DEC9-AE5A-481A-83F5-5801FEDFC2C2}.Debug|Any CPU.Build.0 = Debug|Any CPU
		{2706DEC9-AE5A-481A-83F5-5801FEDFC2C2}.Debug|x64.ActiveCfg = Debug|Any CPU
		{2706DEC9-AE5A-481A-83F5-5801FEDFC2C2}.Debug|x64.Build.0 = Debug|Any CPU
		{2706DEC9-AE5A-481A-83F5-5801FEDFC2C2}.Debug|x86.ActiveCfg = Debug|Any CPU
		{2706DEC9-AE5A-481A-83F5-5801FEDFC2C2}.Debug|x86.Build.0 = Debug|Any CPU
		{2706DEC9-AE5A-481A-83F5-5801FEDFC2C2}.Release|Any CPU.ActiveCfg = Release|Any CPU
		{2706DEC9-AE5A-481A-83F5-5801FEDFC2C2}.Release|Any CPU.Build.0 = Release|Any CPU
		{2706DEC9-AE5A-481A-83F5-5801FEDFC2C2}.Release|x64.ActiveCfg = Release|Any CPU
		{2706DEC9-AE5A-481A-83F5-5801FEDFC2C2}.Release|x64.Build.0 = Release|Any CPU
		{2706DEC9-AE5A-481A-83F5-5801FEDFC2C2}.Release|x86.ActiveCfg = Release|Any CPU
		{2706DEC9-AE5A-481A-83F5-5801FEDFC2C2}.Release|x86.Build.0 = Release|Any CPU
		{6B41E876-D4F0-4A45-90EA-41A54FE59D4A}.Debug|Any CPU.ActiveCfg = Debug|Any CPU
		{6B41E876-D4F0-4A45-90EA-41A54FE59D4A}.Debug|Any CPU.Build.0 = Debug|Any CPU
		{6B41E876-D4F0-4A45-90EA-41A54FE59D4A}.Debug|x64.ActiveCfg = Debug|Any CPU
		{6B41E876-D4F0-4A45-90EA-41A54FE59D4A}.Debug|x64.Build.0 = Debug|Any CPU
		{6B41E876-D4F0-4A45-90EA-41A54FE59D4A}.Debug|x86.ActiveCfg = Debug|Any CPU
		{6B41E876-D4F0-4A45-90EA-41A54FE59D4A}.Debug|x86.Build.0 = Debug|Any CPU
		{6B41E876-D4F0-4A45-90EA-41A54FE59D4A}.Release|Any CPU.ActiveCfg = Release|Any CPU
		{6B41E876-D4F0-4A45-90EA-41A54FE59D4A}.Release|Any CPU.Build.0 = Release|Any CPU
		{6B41E876-D4F0-4A45-90EA-41A54FE59D4A}.Release|x64.ActiveCfg = Release|Any CPU
		{6B41E876-D4F0-4A45-90EA-41A54FE59D4A}.Release|x64.Build.0 = Release|Any CPU
		{6B41E876-D4F0-4A45-90EA-41A54FE59D4A}.Release|x86.ActiveCfg = Release|Any CPU
		{6B41E876-D4F0-4A45-90EA-41A54FE59D4A}.Release|x86.Build.0 = Release|Any CPU
	EndGlobalSection
	GlobalSection(SolutionProperties) = preSolution
		HideSolutionNode = FALSE
	EndGlobalSection
	GlobalSection(NestedProjects) = preSolution
		{1029261D-DD5D-4D3C-9AD5-A564E7E0D614} = {827E0CD3-B72D-47B6-A68D-7590B98EB39B}
		{BA3BDE53-52AB-40B9-A242-1B3D6A7AF997} = {0AB3BF05-4346-4AA6-1389-037BE0695223}
		{6AB15013-6312-47DD-8369-10C3B2376F05} = {0AB3BF05-4346-4AA6-1389-037BE0695223}
		{9C0E400F-70E9-4BC3-86DE-BE012A558EF2} = {07C2787E-EAC7-C090-1BA3-A61EC2A24D84}
		{2C89734A-8887-4D28-8343-308556C9B7F4} = {827E0CD3-B72D-47B6-A68D-7590B98EB39B}
		{4CD7F9CC-9D69-434C-AC0B-26B454407E8B} = {0AB3BF05-4346-4AA6-1389-037BE0695223}
		{DF1D4B09-D5BE-4CCF-933D-E8E4963DEF26} = {827E0CD3-B72D-47B6-A68D-7590B98EB39B}
		{565470C1-9607-4EC0-9E8D-C42695C49CF9} = {827E0CD3-B72D-47B6-A68D-7590B98EB39B}
		{AAA8CF27-B83B-4E4E-968C-03143EC2A4E5} = {827E0CD3-B72D-47B6-A68D-7590B98EB39B}
		{1BFC3D1B-F9BE-43A6-9998-99E938108525} = {827E0CD3-B72D-47B6-A68D-7590B98EB39B}
		{2706DEC9-AE5A-481A-83F5-5801FEDFC2C2} = {827E0CD3-B72D-47B6-A68D-7590B98EB39B}
		{6B41E876-D4F0-4A45-90EA-41A54FE59D4A} = {0AB3BF05-4346-4AA6-1389-037BE0695223}
	EndGlobalSection
EndGlobal
